
Microsoft Visual Studio Solution File, Format Version 12.00
# Visual Studio Version 17
VisualStudioVersion = 17.0.31912.275
MinimumVisualStudioVersion = 10.0.40219.1
Project("{FAE04EC0-301F-11D3-BF4B-00C04F79EFBC}") = "Exercicio2", "Exercicio2\Exercicio2.csproj", "{A09B6DD7-3755-4997-9989-07116D49455C}"
EndProject
Global
	GlobalSection(SolutionConfigurationPlatforms) = preSolution
		Debug|Any CPU = Debug|Any CPU
		Release|Any CPU = Release|Any CPU
	EndGlobalSection
	GlobalSection(ProjectConfigurationPlatforms) = postSolution
		{A09B6DD7-3755-4997-9989-07116D49455C}.Debug|Any CPU.ActiveCfg = Debug|Any CPU
		{A09B6DD7-3755-4997-9989-07116D49455C}.Debug|Any CPU.Build.0 = Debug|Any CPU
		{A09B6DD7-3755-4997-9989-07116D49455C}.Release|Any CPU.ActiveCfg = Release|Any CPU
		{A09B6DD7-3755-4997-9989-07116D49455C}.Release|Any CPU.Build.0 = Release|Any CPU
	EndGlobalSection
	GlobalSection(SolutionProperties) = preSolution
		HideSolutionNode = FALSE
	EndGlobalSection
	GlobalSection(ExtensibilityGlobals) = postSolution
		SolutionGuid = {3033231B-21BD-4485-A627-8D351563361C}
	EndGlobalSection
EndGlobal
