
Microsoft Visual Studio Solution File, Format Version 12.00
# Visual Studio Version 17
VisualStudioVersion = 17.0.31912.275
MinimumVisualStudioVersion = 10.0.40219.1
Project("{FAE04EC0-301F-11D3-BF4B-00C04F79EFBC}") = "Exercicio7", "Exercicio7\Exercicio7.csproj", "{66A6871D-6299-4711-9D51-E80C32371130}"
EndProject
Global
	GlobalSection(SolutionConfigurationPlatforms) = preSolution
		Debug|Any CPU = Debug|Any CPU
		Release|Any CPU = Release|Any CPU
	EndGlobalSection
	GlobalSection(ProjectConfigurationPlatforms) = postSolution
		{66A6871D-6299-4711-9D51-E80C32371130}.Debug|Any CPU.ActiveCfg = Debug|Any CPU
		{66A6871D-6299-4711-9D51-E80C32371130}.Debug|Any CPU.Build.0 = Debug|Any CPU
		{66A6871D-6299-4711-9D51-E80C32371130}.Release|Any CPU.ActiveCfg = Release|Any CPU
		{66A6871D-6299-4711-9D51-E80C32371130}.Release|Any CPU.Build.0 = Release|Any CPU
	EndGlobalSection
	GlobalSection(SolutionProperties) = preSolution
		HideSolutionNode = FALSE
	EndGlobalSection
	GlobalSection(ExtensibilityGlobals) = postSolution
		SolutionGuid = {564285A1-C1C7-4BAC-B672-58E3C5FA6C59}
	EndGlobalSection
EndGlobal
