
Microsoft Visual Studio Solution File, Format Version 12.00
# Visual Studio Version 17
VisualStudioVersion = 17.0.31912.275
MinimumVisualStudioVersion = 10.0.40219.1
Project("{FAE04EC0-301F-11D3-BF4B-00C04F79EFBC}") = "Variaveis", "Variaveis\Variaveis.csproj", "{C787420E-D469-40FB-8F2A-6789176E6229}"
EndProject
Global
	GlobalSection(SolutionConfigurationPlatforms) = preSolution
		Debug|Any CPU = Debug|Any CPU
		Release|Any CPU = Release|Any CPU
	EndGlobalSection
	GlobalSection(ProjectConfigurationPlatforms) = postSolution
		{C787420E-D469-40FB-8F2A-6789176E6229}.Debug|Any CPU.ActiveCfg = Debug|Any CPU
		{C787420E-D469-40FB-8F2A-6789176E6229}.Debug|Any CPU.Build.0 = Debug|Any CPU
		{C787420E-D469-40FB-8F2A-6789176E6229}.Release|Any CPU.ActiveCfg = Release|Any CPU
		{C787420E-D469-40FB-8F2A-6789176E6229}.Release|Any CPU.Build.0 = Release|Any CPU
	EndGlobalSection
	GlobalSection(SolutionProperties) = preSolution
		HideSolutionNode = FALSE
	EndGlobalSection
	GlobalSection(ExtensibilityGlobals) = postSolution
		SolutionGuid = {EBF3FF5B-A97D-456B-9FB2-2D38F97DC1F8}
	EndGlobalSection
EndGlobal
