
Microsoft Visual Studio Solution File, Format Version 12.00
# Visual Studio Version 17
VisualStudioVersion = 17.0.31912.275
MinimumVisualStudioVersion = 10.0.40219.1
Project("{FAE04EC0-301F-11D3-BF4B-00C04F79EFBC}") = "Exercicio6", "Exercicio6\Exercicio6.csproj", "{4ABB452F-8116-4719-A6FC-4B9081432DF3}"
EndProject
Global
	GlobalSection(SolutionConfigurationPlatforms) = preSolution
		Debug|Any CPU = Debug|Any CPU
		Release|Any CPU = Release|Any CPU
	EndGlobalSection
	GlobalSection(ProjectConfigurationPlatforms) = postSolution
		{4ABB452F-8116-4719-A6FC-4B9081432DF3}.Debug|Any CPU.ActiveCfg = Debug|Any CPU
		{4ABB452F-8116-4719-A6FC-4B9081432DF3}.Debug|Any CPU.Build.0 = Debug|Any CPU
		{4ABB452F-8116-4719-A6FC-4B9081432DF3}.Release|Any CPU.ActiveCfg = Release|Any CPU
		{4ABB452F-8116-4719-A6FC-4B9081432DF3}.Release|Any CPU.Build.0 = Release|Any CPU
	EndGlobalSection
	GlobalSection(SolutionProperties) = preSolution
		HideSolutionNode = FALSE
	EndGlobalSection
	GlobalSection(ExtensibilityGlobals) = postSolution
		SolutionGuid = {1F15174F-E99A-447C-B0DF-44370005F5D8}
	EndGlobalSection
EndGlobal
