
Microsoft Visual Studio Solution File, Format Version 12.00
# Visual Studio Version 17
VisualStudioVersion = 17.0.31912.275
MinimumVisualStudioVersion = 10.0.40219.1
Project("{FAE04EC0-301F-11D3-BF4B-00C04F79EFBC}") = "ExemploCicloFor", "ExemploCicloFor\ExemploCicloFor.csproj", "{0F735A6F-7C0D-4314-BD78-A9C5002690D3}"
EndProject
Global
	GlobalSection(SolutionConfigurationPlatforms) = preSolution
		Debug|Any CPU = Debug|Any CPU
		Release|Any CPU = Release|Any CPU
	EndGlobalSection
	GlobalSection(ProjectConfigurationPlatforms) = postSolution
		{0F735A6F-7C0D-4314-BD78-A9C5002690D3}.Debug|Any CPU.ActiveCfg = Debug|Any CPU
		{0F735A6F-7C0D-4314-BD78-A9C5002690D3}.Debug|Any CPU.Build.0 = Debug|Any CPU
		{0F735A6F-7C0D-4314-BD78-A9C5002690D3}.Release|Any CPU.ActiveCfg = Release|Any CPU
		{0F735A6F-7C0D-4314-BD78-A9C5002690D3}.Release|Any CPU.Build.0 = Release|Any CPU
	EndGlobalSection
	GlobalSection(SolutionProperties) = preSolution
		HideSolutionNode = FALSE
	EndGlobalSection
	GlobalSection(ExtensibilityGlobals) = postSolution
		SolutionGuid = {BB045A66-71C2-4184-9E82-33AA8BAE206A}
	EndGlobalSection
EndGlobal
