
Microsoft Visual Studio Solution File, Format Version 12.00
# Visual Studio Version 17
VisualStudioVersion = 17.0.31912.275
MinimumVisualStudioVersion = 10.0.40219.1
Project("{FAE04EC0-301F-11D3-BF4B-00C04F79EFBC}") = "Exercicio1", "Exercicio1\Exercicio1.csproj", "{B52D66B7-7B82-41A8-AC62-3C2D5C1B0B9E}"
EndProject
Global
	GlobalSection(SolutionConfigurationPlatforms) = preSolution
		Debug|Any CPU = Debug|Any CPU
		Release|Any CPU = Release|Any CPU
	EndGlobalSection
	GlobalSection(ProjectConfigurationPlatforms) = postSolution
		{B52D66B7-7B82-41A8-AC62-3C2D5C1B0B9E}.Debug|Any CPU.ActiveCfg = Debug|Any CPU
		{B52D66B7-7B82-41A8-AC62-3C2D5C1B0B9E}.Debug|Any CPU.Build.0 = Debug|Any CPU
		{B52D66B7-7B82-41A8-AC62-3C2D5C1B0B9E}.Release|Any CPU.ActiveCfg = Release|Any CPU
		{B52D66B7-7B82-41A8-AC62-3C2D5C1B0B9E}.Release|Any CPU.Build.0 = Release|Any CPU
	EndGlobalSection
	GlobalSection(SolutionProperties) = preSolution
		HideSolutionNode = FALSE
	EndGlobalSection
	GlobalSection(ExtensibilityGlobals) = postSolution
		SolutionGuid = {6D5A86C7-8E14-41DE-8E66-807784BEE555}
	EndGlobalSection
EndGlobal
