
Microsoft Visual Studio Solution File, Format Version 12.00
# Visual Studio Version 17
VisualStudioVersion = 17.0.31912.275
MinimumVisualStudioVersion = 10.0.40219.1
Project("{FAE04EC0-301F-11D3-BF4B-00C04F79EFBC}") = "Exercicio10", "Exercicio10\Exercicio10.csproj", "{421BCEEA-F21F-49F9-B06D-72A1BCB2F1B1}"
EndProject
Global
	GlobalSection(SolutionConfigurationPlatforms) = preSolution
		Debug|Any CPU = Debug|Any CPU
		Release|Any CPU = Release|Any CPU
	EndGlobalSection
	GlobalSection(ProjectConfigurationPlatforms) = postSolution
		{421BCEEA-F21F-49F9-B06D-72A1BCB2F1B1}.Debug|Any CPU.ActiveCfg = Debug|Any CPU
		{421BCEEA-F21F-49F9-B06D-72A1BCB2F1B1}.Debug|Any CPU.Build.0 = Debug|Any CPU
		{421BCEEA-F21F-49F9-B06D-72A1BCB2F1B1}.Release|Any CPU.ActiveCfg = Release|Any CPU
		{421BCEEA-F21F-49F9-B06D-72A1BCB2F1B1}.Release|Any CPU.Build.0 = Release|Any CPU
	EndGlobalSection
	GlobalSection(SolutionProperties) = preSolution
		HideSolutionNode = FALSE
	EndGlobalSection
	GlobalSection(ExtensibilityGlobals) = postSolution
		SolutionGuid = {C1E2571A-B3E8-47C9-8219-300B44BADE6F}
	EndGlobalSection
EndGlobal
